
Microsoft Visual Studio Solution File, Format Version 10.00
# Visual Studio 2008
Project("{FAE04EC0-301F-11D3-BF4B-00C04F79EFBC}") = "cdImageGUI", "cdImageGUI\cdImageGUI.csproj", "{D07D373E-8C3E-4236-B26B-B64C97DA260C}"
EndProject
Global
	GlobalSection(SolutionConfigurationPlatforms) = preSolution
		Debug|Any CPU = Debug|Any CPU
		Release|Any CPU = Release|Any CPU
	EndGlobalSection
	GlobalSection(ProjectConfigurationPlatforms) = postSolution
		{D07D373E-8C3E-4236-B26B-B64C97DA260C}.Debug|Any CPU.ActiveCfg = Debug|Any CPU
		{D07D373E-8C3E-4236-B26B-B64C97DA260C}.Debug|Any CPU.Build.0 = Debug|Any CPU
		{D07D373E-8C3E-4236-B26B-B64C97DA260C}.Release|Any CPU.ActiveCfg = Release|Any CPU
		{D07D373E-8C3E-4236-B26B-B64C97DA260C}.Release|Any CPU.Build.0 = Release|Any CPU
	EndGlobalSection
	GlobalSection(SolutionProperties) = preSolution
		HideSolutionNode = FALSE
	EndGlobalSection
EndGlobal
